// !$*UTF8*$!
{
	archiveVersion = 1;
	classes = {
	};
	objectVersion = 51;
	objects = {

/* Begin PBXBuildFile section */
		CD7B85AC59ABB498983A2B54 /* Pods_Cafeistic.framework in Frameworks */ = {isa = PBXBuildFile; fileRef = B7374E4838BCB145E057F8DF /* Pods_Cafeistic.framework */; };
		FD45935D2636BB1200669AB4 /* WebApiService.swift in Sources */ = {isa = PBXBuildFile; fileRef = FD45935C2636BB1200669AB4 /* WebApiService.swift */; };
		FD4593622636BB8800669AB4 /* BaseProvider.swift in Sources */ = {isa = PBXBuildFile; fileRef = FD4593612636BB8800669AB4 /* BaseProvider.swift */; };
		FD45936D2636BD8000669AB4 /* LoginContract.swift in Sources */ = {isa = PBXBuildFile; fileRef = FD4593672636BD8000669AB4 /* LoginContract.swift */; };
		FD45936E2636BD8000669AB4 /* LoginPresenter.swift in Sources */ = {isa = PBXBuildFile; fileRef = FD4593682636BD8000669AB4 /* LoginPresenter.swift */; };
		FD45936F2636BD8000669AB4 /* LoginRouter.swift in Sources */ = {isa = PBXBuildFile; fileRef = FD4593692636BD8000669AB4 /* LoginRouter.swift */; };
		FD4593702636BD8000669AB4 /* LoginViewController.swift in Sources */ = {isa = PBXBuildFile; fileRef = FD45936A2636BD8000669AB4 /* LoginViewController.swift */; };
		FD4593712636BD8000669AB4 /* LoginInteractor.swift in Sources */ = {isa = PBXBuildFile; fileRef = FD45936B2636BD8000669AB4 /* LoginInteractor.swift */; };
		FD4593722636BD8000669AB4 /* LoginSceneBuilder.swift in Sources */ = {isa = PBXBuildFile; fileRef = FD45936C2636BD8000669AB4 /* LoginSceneBuilder.swift */; };
		FD4593752636BDEE00669AB4 /* SetupBaseViewController.swift in Sources */ = {isa = PBXBuildFile; fileRef = FD4593742636BDEE00669AB4 /* SetupBaseViewController.swift */; };
		FD45937A2636C0BC00669AB4 /* MainTextFieldStyle.swift in Sources */ = {isa = PBXBuildFile; fileRef = FD4593792636C0BC00669AB4 /* MainTextFieldStyle.swift */; };
		FD45937E2636C0DB00669AB4 /* MainTextField.swift in Sources */ = {isa = PBXBuildFile; fileRef = FD45937D2636C0DB00669AB4 /* MainTextField.swift */; };
		FD4593812636CA3100669AB4 /* Assets.swift in Sources */ = {isa = PBXBuildFile; fileRef = FD4593802636CA3100669AB4 /* Assets.swift */; };
		FD4593842636D5D200669AB4 /* ColorPalette.swift in Sources */ = {isa = PBXBuildFile; fileRef = FD4593832636D5D200669AB4 /* ColorPalette.swift */; };
		FD4593872636D77B00669AB4 /* StringConstant.swift in Sources */ = {isa = PBXBuildFile; fileRef = FD4593862636D77B00669AB4 /* StringConstant.swift */; };
		FD45938B2636E19F00669AB4 /* UIView+AddSubviews.swift in Sources */ = {isa = PBXBuildFile; fileRef = FD45938A2636E19F00669AB4 /* UIView+AddSubviews.swift */; };
		FD4593902637F1BD00669AB4 /* MainButton.swift in Sources */ = {isa = PBXBuildFile; fileRef = FD45938F2637F1BD00669AB4 /* MainButton.swift */; };
		FD4593932637F1F300669AB4 /* MainButtonStyle.swift in Sources */ = {isa = PBXBuildFile; fileRef = FD4593922637F1F300669AB4 /* MainButtonStyle.swift */; };
		FD4593982637F2BA00669AB4 /* IndicatableView.swift in Sources */ = {isa = PBXBuildFile; fileRef = FD4593972637F2BA00669AB4 /* IndicatableView.swift */; };
		FD45939C2637F2D000669AB4 /* IndicatableView+UIButton.swift in Sources */ = {isa = PBXBuildFile; fileRef = FD45939B2637F2D000669AB4 /* IndicatableView+UIButton.swift */; };
		FD4593A02637F3F000669AB4 /* SpinnerView.swift in Sources */ = {isa = PBXBuildFile; fileRef = FD45939F2637F3EF00669AB4 /* SpinnerView.swift */; };
		FD4593A42637F9EA00669AB4 /* SpinnerIndicator.swift in Sources */ = {isa = PBXBuildFile; fileRef = FD4593A32637F9EA00669AB4 /* SpinnerIndicator.swift */; };
		FD4B1BD4262FFE5E005E9BF9 /* AppSetup.swift in Sources */ = {isa = PBXBuildFile; fileRef = FD4B1BD3262FFE5E005E9BF9 /* AppSetup.swift */; };
		FD6117992643AE7E00794EB5 /* MainSwitchView.swift in Sources */ = {isa = PBXBuildFile; fileRef = FD6117982643AE7E00794EB5 /* MainSwitchView.swift */; };
		FD6B8894263BCBCB0026D3E0 /* ClientSignUpContract.swift in Sources */ = {isa = PBXBuildFile; fileRef = FD6B888E263BCBCB0026D3E0 /* ClientSignUpContract.swift */; };
		FD6B8895263BCBCB0026D3E0 /* ClientSignUpPresenter.swift in Sources */ = {isa = PBXBuildFile; fileRef = FD6B888F263BCBCB0026D3E0 /* ClientSignUpPresenter.swift */; };
		FD6B8896263BCBCB0026D3E0 /* ClientSignUpRouter.swift in Sources */ = {isa = PBXBuildFile; fileRef = FD6B8890263BCBCB0026D3E0 /* ClientSignUpRouter.swift */; };
		FD6B8897263BCBCB0026D3E0 /* ClientSignUpViewController.swift in Sources */ = {isa = PBXBuildFile; fileRef = FD6B8891263BCBCB0026D3E0 /* ClientSignUpViewController.swift */; };
		FD6B8898263BCBCB0026D3E0 /* ClientSignUpInteractor.swift in Sources */ = {isa = PBXBuildFile; fileRef = FD6B8892263BCBCB0026D3E0 /* ClientSignUpInteractor.swift */; };
		FD6B8899263BCBCB0026D3E0 /* ClientSignUpSceneBuilder.swift in Sources */ = {isa = PBXBuildFile; fileRef = FD6B8893263BCBCB0026D3E0 /* ClientSignUpSceneBuilder.swift */; };
		FD6B88A6263C03EC0026D3E0 /* EstablishmentSignUpContract.swift in Sources */ = {isa = PBXBuildFile; fileRef = FD6B88A0263C03EB0026D3E0 /* EstablishmentSignUpContract.swift */; };
		FD6B88A7263C03EC0026D3E0 /* EstablishmentSignUpPresenter.swift in Sources */ = {isa = PBXBuildFile; fileRef = FD6B88A1263C03EB0026D3E0 /* EstablishmentSignUpPresenter.swift */; };
		FD6B88A8263C03EC0026D3E0 /* EstablishmentSignUpRouter.swift in Sources */ = {isa = PBXBuildFile; fileRef = FD6B88A2263C03EB0026D3E0 /* EstablishmentSignUpRouter.swift */; };
		FD6B88A9263C03EC0026D3E0 /* EstablishmentSignUpViewController.swift in Sources */ = {isa = PBXBuildFile; fileRef = FD6B88A3263C03EB0026D3E0 /* EstablishmentSignUpViewController.swift */; };
		FD6B88AA263C03EC0026D3E0 /* EstablishmentSignUpInteractor.swift in Sources */ = {isa = PBXBuildFile; fileRef = FD6B88A4263C03EB0026D3E0 /* EstablishmentSignUpInteractor.swift */; };
		FD6B88AB263C03EC0026D3E0 /* EstablishmentSignUpSceneBuilder.swift in Sources */ = {isa = PBXBuildFile; fileRef = FD6B88A5263C03EB0026D3E0 /* EstablishmentSignUpSceneBuilder.swift */; };
		FD6B88BD263C06620026D3E0 /* SignUpType.swift in Sources */ = {isa = PBXBuildFile; fileRef = FD6B88BC263C06620026D3E0 /* SignUpType.swift */; };
		FD9BB1A72641029300835B98 /* MenuType.swift in Sources */ = {isa = PBXBuildFile; fileRef = FD9BB1A62641029300835B98 /* MenuType.swift */; };
		FD9BB1AF2641034D00835B98 /* MenuContract.swift in Sources */ = {isa = PBXBuildFile; fileRef = FD9BB1A92641034D00835B98 /* MenuContract.swift */; };
		FD9BB1B02641034D00835B98 /* MenuPresenter.swift in Sources */ = {isa = PBXBuildFile; fileRef = FD9BB1AA2641034D00835B98 /* MenuPresenter.swift */; };
		FD9BB1B12641034D00835B98 /* MenuRouter.swift in Sources */ = {isa = PBXBuildFile; fileRef = FD9BB1AB2641034D00835B98 /* MenuRouter.swift */; };
		FD9BB1B22641034D00835B98 /* MenuViewController.swift in Sources */ = {isa = PBXBuildFile; fileRef = FD9BB1AC2641034D00835B98 /* MenuViewController.swift */; };
		FD9BB1B32641034D00835B98 /* MenuInteractor.swift in Sources */ = {isa = PBXBuildFile; fileRef = FD9BB1AD2641034D00835B98 /* MenuInteractor.swift */; };
		FD9BB1B42641034D00835B98 /* MenuSceneBuilder.swift in Sources */ = {isa = PBXBuildFile; fileRef = FD9BB1AE2641034D00835B98 /* MenuSceneBuilder.swift */; };
		FD9BB1B82641083000835B98 /* UICollectionViewExtension.swift in Sources */ = {isa = PBXBuildFile; fileRef = FD9BB1B72641083000835B98 /* UICollectionViewExtension.swift */; };
		FD9BB1BE2641098300835B98 /* UIView+Identifier.swift in Sources */ = {isa = PBXBuildFile; fileRef = FD9BB1BD2641098300835B98 /* UIView+Identifier.swift */; };
		FD9BB1C226410C3500835B98 /* CategoryMenuCell.swift in Sources */ = {isa = PBXBuildFile; fileRef = FD9BB1C126410C3500835B98 /* CategoryMenuCell.swift */; };
		FD9BB1C626410C4800835B98 /* CategoryMenuCellModel.swift in Sources */ = {isa = PBXBuildFile; fileRef = FD9BB1C526410C4800835B98 /* CategoryMenuCellModel.swift */; };
		FD9BB1C926410C5D00835B98 /* MealMenuCell.swift in Sources */ = {isa = PBXBuildFile; fileRef = FD9BB1C826410C5D00835B98 /* MealMenuCell.swift */; };
		FD9BB1CC26410C6F00835B98 /* MealMenuCellModel.swift in Sources */ = {isa = PBXBuildFile; fileRef = FD9BB1CB26410C6F00835B98 /* MealMenuCellModel.swift */; };
		FDACDF1826391F6300689B51 /* DefaultAlertViewController.swift in Sources */ = {isa = PBXBuildFile; fileRef = FDACDF1726391F6300689B51 /* DefaultAlertViewController.swift */; };
		FDACDF1D26391F7C00689B51 /* TwoButtonAlertView.swift in Sources */ = {isa = PBXBuildFile; fileRef = FDACDF1C26391F7C00689B51 /* TwoButtonAlertView.swift */; };
		FDACDF22263930CA00689B51 /* UIViewController+Alert.swift in Sources */ = {isa = PBXBuildFile; fileRef = FDACDF21263930CA00689B51 /* UIViewController+Alert.swift */; };
		FDACDF5E263A8BCA00689B51 /* ForgetPasswordContract.swift in Sources */ = {isa = PBXBuildFile; fileRef = FDACDF58263A8BCA00689B51 /* ForgetPasswordContract.swift */; };
		FDACDF5F263A8BCA00689B51 /* ForgetPasswordPresenter.swift in Sources */ = {isa = PBXBuildFile; fileRef = FDACDF59263A8BCA00689B51 /* ForgetPasswordPresenter.swift */; };
		FDACDF60263A8BCA00689B51 /* ForgetPasswordRouter.swift in Sources */ = {isa = PBXBuildFile; fileRef = FDACDF5A263A8BCA00689B51 /* ForgetPasswordRouter.swift */; };
		FDACDF61263A8BCA00689B51 /* ForgetPasswordViewController.swift in Sources */ = {isa = PBXBuildFile; fileRef = FDACDF5B263A8BCA00689B51 /* ForgetPasswordViewController.swift */; };
		FDACDF62263A8BCA00689B51 /* ForgetPasswordInteractor.swift in Sources */ = {isa = PBXBuildFile; fileRef = FDACDF5C263A8BCA00689B51 /* ForgetPasswordInteractor.swift */; };
		FDACDF63263A8BCA00689B51 /* ForgetPasswordSceneBuilder.swift in Sources */ = {isa = PBXBuildFile; fileRef = FDACDF5D263A8BCA00689B51 /* ForgetPasswordSceneBuilder.swift */; };
		FDACDF6D263AA00200689B51 /* CollectionViewProvider.swift in Sources */ = {isa = PBXBuildFile; fileRef = FDACDF6C263AA00200689B51 /* CollectionViewProvider.swift */; };
		FDACDF71263AA01700689B51 /* TableViewProvider.swift in Sources */ = {isa = PBXBuildFile; fileRef = FDACDF70263AA01700689B51 /* TableViewProvider.swift */; };
		FDACDF76263AA0EA00689B51 /* DefaultNavigationController.swift in Sources */ = {isa = PBXBuildFile; fileRef = FDACDF75263AA0EA00689B51 /* DefaultNavigationController.swift */; };
		FDCBAD24264A4B8B005B9608 /* CellType.swift in Sources */ = {isa = PBXBuildFile; fileRef = FDCBAD23264A4B8B005B9608 /* CellType.swift */; };
		FDCBAD28264A4DFF005B9608 /* UITableViewExtension.swift in Sources */ = {isa = PBXBuildFile; fileRef = FDCBAD27264A4DFF005B9608 /* UITableViewExtension.swift */; };
		FDCBAD2B264A587D005B9608 /* ButtonCell.swift in Sources */ = {isa = PBXBuildFile; fileRef = FDCBAD2A264A587D005B9608 /* ButtonCell.swift */; };
		FDCBAD30264A58F6005B9608 /* LabelCell.swift in Sources */ = {isa = PBXBuildFile; fileRef = FDCBAD2F264A58F6005B9608 /* LabelCell.swift */; };
		FDE2CEC626426BCA00FE1EA7 /* UIView+Corners.swift in Sources */ = {isa = PBXBuildFile; fileRef = FDE2CEC526426BCA00FE1EA7 /* UIView+Corners.swift */; };
		FDEA5C7C265245DD00BB08A1 /* TextFieldCell.swift in Sources */ = {isa = PBXBuildFile; fileRef = FDEA5C7B265245DD00BB08A1 /* TextFieldCell.swift */; };
		FDEAD92C25C8269B0075F122 /* AppDelegate.swift in Sources */ = {isa = PBXBuildFile; fileRef = FDEAD92B25C8269B0075F122 /* AppDelegate.swift */; };
		FDEAD92E25C8269B0075F122 /* SceneDelegate.swift in Sources */ = {isa = PBXBuildFile; fileRef = FDEAD92D25C8269B0075F122 /* SceneDelegate.swift */; };
		FDEAD93525C8269E0075F122 /* Assets.xcassets in Resources */ = {isa = PBXBuildFile; fileRef = FDEAD93425C8269E0075F122 /* Assets.xcassets */; };
		FDEAD93825C8269E0075F122 /* LaunchScreen.storyboard in Resources */ = {isa = PBXBuildFile; fileRef = FDEAD93625C8269E0075F122 /* LaunchScreen.storyboard */; };
		FDF281B72632CED300B1829A /* StartPresenter.swift in Sources */ = {isa = PBXBuildFile; fileRef = FDF281B12632CED300B1829A /* StartPresenter.swift */; };
		FDF281B82632CED300B1829A /* StartRouter.swift in Sources */ = {isa = PBXBuildFile; fileRef = FDF281B22632CED300B1829A /* StartRouter.swift */; };
		FDF281B92632CED300B1829A /* StartViewController.swift in Sources */ = {isa = PBXBuildFile; fileRef = FDF281B32632CED300B1829A /* StartViewController.swift */; };
		FDF281BA2632CED300B1829A /* StartContract.swift in Sources */ = {isa = PBXBuildFile; fileRef = FDF281B42632CED300B1829A /* StartContract.swift */; };
		FDF281BB2632CED300B1829A /* StartInteractor.swift in Sources */ = {isa = PBXBuildFile; fileRef = FDF281B52632CED300B1829A /* StartInteractor.swift */; };
		FDF281C12632CFEE00B1829A /* DefaultViewController.swift in Sources */ = {isa = PBXBuildFile; fileRef = FDF281C02632CFEE00B1829A /* DefaultViewController.swift */; };
		FDF281ED2632D32200B1829A /* PrintUtil.swift in Sources */ = {isa = PBXBuildFile; fileRef = FDF281EC2632D32200B1829A /* PrintUtil.swift */; };
		FDF281F42632D3AA00B1829A /* UIColor+Hex.swift in Sources */ = {isa = PBXBuildFile; fileRef = FDF281F32632D3AA00B1829A /* UIColor+Hex.swift */; };
		FDF281FA2632D43800B1829A /* UITableViewCell+UI.swift in Sources */ = {isa = PBXBuildFile; fileRef = FDF281F92632D43800B1829A /* UITableViewCell+UI.swift */; };
		FDF282002632D79D00B1829A /* StartSceneBuilder.swift in Sources */ = {isa = PBXBuildFile; fileRef = FDF281FF2632D79D00B1829A /* StartSceneBuilder.swift */; };
/* End PBXBuildFile section */

/* Begin PBXFileReference section */
		5D79D316F8E6F0061A9F53EE /* Pods-Cafeistic.debug.xcconfig */ = {isa = PBXFileReference; includeInIndex = 1; lastKnownFileType = text.xcconfig; name = "Pods-Cafeistic.debug.xcconfig"; path = "Target Support Files/Pods-Cafeistic/Pods-Cafeistic.debug.xcconfig"; sourceTree = "<group>"; };
		AFE2A4F6D2445A8B438413CF /* Pods-Cafeistic.release.xcconfig */ = {isa = PBXFileReference; includeInIndex = 1; lastKnownFileType = text.xcconfig; name = "Pods-Cafeistic.release.xcconfig"; path = "Target Support Files/Pods-Cafeistic/Pods-Cafeistic.release.xcconfig"; sourceTree = "<group>"; };
		B7374E4838BCB145E057F8DF /* Pods_Cafeistic.framework */ = {isa = PBXFileReference; explicitFileType = wrapper.framework; includeInIndex = 0; path = Pods_Cafeistic.framework; sourceTree = BUILT_PRODUCTS_DIR; };
		FD45935C2636BB1200669AB4 /* WebApiService.swift */ = {isa = PBXFileReference; lastKnownFileType = sourcecode.swift; path = WebApiService.swift; sourceTree = "<group>"; };
		FD4593612636BB8800669AB4 /* BaseProvider.swift */ = {isa = PBXFileReference; lastKnownFileType = sourcecode.swift; path = BaseProvider.swift; sourceTree = "<group>"; };
		FD4593672636BD8000669AB4 /* LoginContract.swift */ = {isa = PBXFileReference; lastKnownFileType = sourcecode.swift; path = LoginContract.swift; sourceTree = "<group>"; };
		FD4593682636BD8000669AB4 /* LoginPresenter.swift */ = {isa = PBXFileReference; lastKnownFileType = sourcecode.swift; path = LoginPresenter.swift; sourceTree = "<group>"; };
		FD4593692636BD8000669AB4 /* LoginRouter.swift */ = {isa = PBXFileReference; lastKnownFileType = sourcecode.swift; path = LoginRouter.swift; sourceTree = "<group>"; };
		FD45936A2636BD8000669AB4 /* LoginViewController.swift */ = {isa = PBXFileReference; lastKnownFileType = sourcecode.swift; path = LoginViewController.swift; sourceTree = "<group>"; };
		FD45936B2636BD8000669AB4 /* LoginInteractor.swift */ = {isa = PBXFileReference; lastKnownFileType = sourcecode.swift; path = LoginInteractor.swift; sourceTree = "<group>"; };
		FD45936C2636BD8000669AB4 /* LoginSceneBuilder.swift */ = {isa = PBXFileReference; lastKnownFileType = sourcecode.swift; path = LoginSceneBuilder.swift; sourceTree = "<group>"; };
		FD4593742636BDEE00669AB4 /* SetupBaseViewController.swift */ = {isa = PBXFileReference; lastKnownFileType = sourcecode.swift; path = SetupBaseViewController.swift; sourceTree = "<group>"; };
		FD4593792636C0BC00669AB4 /* MainTextFieldStyle.swift */ = {isa = PBXFileReference; lastKnownFileType = sourcecode.swift; path = MainTextFieldStyle.swift; sourceTree = "<group>"; };
		FD45937D2636C0DB00669AB4 /* MainTextField.swift */ = {isa = PBXFileReference; lastKnownFileType = sourcecode.swift; path = MainTextField.swift; sourceTree = "<group>"; };
		FD4593802636CA3100669AB4 /* Assets.swift */ = {isa = PBXFileReference; lastKnownFileType = sourcecode.swift; path = Assets.swift; sourceTree = "<group>"; };
		FD4593832636D5D200669AB4 /* ColorPalette.swift */ = {isa = PBXFileReference; lastKnownFileType = sourcecode.swift; path = ColorPalette.swift; sourceTree = "<group>"; };
		FD4593862636D77B00669AB4 /* StringConstant.swift */ = {isa = PBXFileReference; lastKnownFileType = sourcecode.swift; path = StringConstant.swift; sourceTree = "<group>"; };
		FD45938A2636E19F00669AB4 /* UIView+AddSubviews.swift */ = {isa = PBXFileReference; lastKnownFileType = sourcecode.swift; path = "UIView+AddSubviews.swift"; sourceTree = "<group>"; };
		FD45938F2637F1BD00669AB4 /* MainButton.swift */ = {isa = PBXFileReference; lastKnownFileType = sourcecode.swift; path = MainButton.swift; sourceTree = "<group>"; };
		FD4593922637F1F300669AB4 /* MainButtonStyle.swift */ = {isa = PBXFileReference; lastKnownFileType = sourcecode.swift; path = MainButtonStyle.swift; sourceTree = "<group>"; };
		FD4593972637F2BA00669AB4 /* IndicatableView.swift */ = {isa = PBXFileReference; lastKnownFileType = sourcecode.swift; path = IndicatableView.swift; sourceTree = "<group>"; };
		FD45939B2637F2D000669AB4 /* IndicatableView+UIButton.swift */ = {isa = PBXFileReference; lastKnownFileType = sourcecode.swift; path = "IndicatableView+UIButton.swift"; sourceTree = "<group>"; };
		FD45939F2637F3EF00669AB4 /* SpinnerView.swift */ = {isa = PBXFileReference; lastKnownFileType = sourcecode.swift; path = SpinnerView.swift; sourceTree = "<group>"; };
		FD4593A32637F9EA00669AB4 /* SpinnerIndicator.swift */ = {isa = PBXFileReference; lastKnownFileType = sourcecode.swift; path = SpinnerIndicator.swift; sourceTree = "<group>"; };
		FD4B1BD3262FFE5E005E9BF9 /* AppSetup.swift */ = {isa = PBXFileReference; lastKnownFileType = sourcecode.swift; path = AppSetup.swift; sourceTree = "<group>"; };
		FD6117982643AE7E00794EB5 /* MainSwitchView.swift */ = {isa = PBXFileReference; lastKnownFileType = sourcecode.swift; path = MainSwitchView.swift; sourceTree = "<group>"; };
		FD6B888E263BCBCB0026D3E0 /* ClientSignUpContract.swift */ = {isa = PBXFileReference; lastKnownFileType = sourcecode.swift; path = ClientSignUpContract.swift; sourceTree = "<group>"; };
		FD6B888F263BCBCB0026D3E0 /* ClientSignUpPresenter.swift */ = {isa = PBXFileReference; lastKnownFileType = sourcecode.swift; path = ClientSignUpPresenter.swift; sourceTree = "<group>"; };
		FD6B8890263BCBCB0026D3E0 /* ClientSignUpRouter.swift */ = {isa = PBXFileReference; lastKnownFileType = sourcecode.swift; path = ClientSignUpRouter.swift; sourceTree = "<group>"; };
		FD6B8891263BCBCB0026D3E0 /* ClientSignUpViewController.swift */ = {isa = PBXFileReference; lastKnownFileType = sourcecode.swift; path = ClientSignUpViewController.swift; sourceTree = "<group>"; };
		FD6B8892263BCBCB0026D3E0 /* ClientSignUpInteractor.swift */ = {isa = PBXFileReference; lastKnownFileType = sourcecode.swift; path = ClientSignUpInteractor.swift; sourceTree = "<group>"; };
		FD6B8893263BCBCB0026D3E0 /* ClientSignUpSceneBuilder.swift */ = {isa = PBXFileReference; lastKnownFileType = sourcecode.swift; path = ClientSignUpSceneBuilder.swift; sourceTree = "<group>"; };
		FD6B88A0263C03EB0026D3E0 /* EstablishmentSignUpContract.swift */ = {isa = PBXFileReference; lastKnownFileType = sourcecode.swift; path = EstablishmentSignUpContract.swift; sourceTree = "<group>"; };
		FD6B88A1263C03EB0026D3E0 /* EstablishmentSignUpPresenter.swift */ = {isa = PBXFileReference; lastKnownFileType = sourcecode.swift; path = EstablishmentSignUpPresenter.swift; sourceTree = "<group>"; };
		FD6B88A2263C03EB0026D3E0 /* EstablishmentSignUpRouter.swift */ = {isa = PBXFileReference; lastKnownFileType = sourcecode.swift; path = EstablishmentSignUpRouter.swift; sourceTree = "<group>"; };
		FD6B88A3263C03EB0026D3E0 /* EstablishmentSignUpViewController.swift */ = {isa = PBXFileReference; lastKnownFileType = sourcecode.swift; path = EstablishmentSignUpViewController.swift; sourceTree = "<group>"; };
		FD6B88A4263C03EB0026D3E0 /* EstablishmentSignUpInteractor.swift */ = {isa = PBXFileReference; lastKnownFileType = sourcecode.swift; path = EstablishmentSignUpInteractor.swift; sourceTree = "<group>"; };
		FD6B88A5263C03EB0026D3E0 /* EstablishmentSignUpSceneBuilder.swift */ = {isa = PBXFileReference; lastKnownFileType = sourcecode.swift; path = EstablishmentSignUpSceneBuilder.swift; sourceTree = "<group>"; };
		FD6B88BC263C06620026D3E0 /* SignUpType.swift */ = {isa = PBXFileReference; lastKnownFileType = sourcecode.swift; path = SignUpType.swift; sourceTree = "<group>"; };
		FD9BB1A62641029300835B98 /* MenuType.swift */ = {isa = PBXFileReference; lastKnownFileType = sourcecode.swift; path = MenuType.swift; sourceTree = "<group>"; };
		FD9BB1A92641034D00835B98 /* MenuContract.swift */ = {isa = PBXFileReference; lastKnownFileType = sourcecode.swift; path = MenuContract.swift; sourceTree = "<group>"; };
		FD9BB1AA2641034D00835B98 /* MenuPresenter.swift */ = {isa = PBXFileReference; lastKnownFileType = sourcecode.swift; path = MenuPresenter.swift; sourceTree = "<group>"; };
		FD9BB1AB2641034D00835B98 /* MenuRouter.swift */ = {isa = PBXFileReference; lastKnownFileType = sourcecode.swift; path = MenuRouter.swift; sourceTree = "<group>"; };
		FD9BB1AC2641034D00835B98 /* MenuViewController.swift */ = {isa = PBXFileReference; lastKnownFileType = sourcecode.swift; path = MenuViewController.swift; sourceTree = "<group>"; };
		FD9BB1AD2641034D00835B98 /* MenuInteractor.swift */ = {isa = PBXFileReference; lastKnownFileType = sourcecode.swift; path = MenuInteractor.swift; sourceTree = "<group>"; };
		FD9BB1AE2641034D00835B98 /* MenuSceneBuilder.swift */ = {isa = PBXFileReference; lastKnownFileType = sourcecode.swift; path = MenuSceneBuilder.swift; sourceTree = "<group>"; };
		FD9BB1B72641083000835B98 /* UICollectionViewExtension.swift */ = {isa = PBXFileReference; lastKnownFileType = sourcecode.swift; path = UICollectionViewExtension.swift; sourceTree = "<group>"; };
		FD9BB1BD2641098300835B98 /* UIView+Identifier.swift */ = {isa = PBXFileReference; lastKnownFileType = sourcecode.swift; path = "UIView+Identifier.swift"; sourceTree = "<group>"; };
		FD9BB1C126410C3500835B98 /* CategoryMenuCell.swift */ = {isa = PBXFileReference; lastKnownFileType = sourcecode.swift; path = CategoryMenuCell.swift; sourceTree = "<group>"; };
		FD9BB1C526410C4800835B98 /* CategoryMenuCellModel.swift */ = {isa = PBXFileReference; lastKnownFileType = sourcecode.swift; path = CategoryMenuCellModel.swift; sourceTree = "<group>"; };
		FD9BB1C826410C5D00835B98 /* MealMenuCell.swift */ = {isa = PBXFileReference; lastKnownFileType = sourcecode.swift; path = MealMenuCell.swift; sourceTree = "<group>"; };
		FD9BB1CB26410C6F00835B98 /* MealMenuCellModel.swift */ = {isa = PBXFileReference; lastKnownFileType = sourcecode.swift; path = MealMenuCellModel.swift; sourceTree = "<group>"; };
		FDACDF1726391F6300689B51 /* DefaultAlertViewController.swift */ = {isa = PBXFileReference; lastKnownFileType = sourcecode.swift; path = DefaultAlertViewController.swift; sourceTree = "<group>"; };
		FDACDF1C26391F7C00689B51 /* TwoButtonAlertView.swift */ = {isa = PBXFileReference; lastKnownFileType = sourcecode.swift; path = TwoButtonAlertView.swift; sourceTree = "<group>"; };
		FDACDF21263930CA00689B51 /* UIViewController+Alert.swift */ = {isa = PBXFileReference; lastKnownFileType = sourcecode.swift; path = "UIViewController+Alert.swift"; sourceTree = "<group>"; };
		FDACDF58263A8BCA00689B51 /* ForgetPasswordContract.swift */ = {isa = PBXFileReference; lastKnownFileType = sourcecode.swift; path = ForgetPasswordContract.swift; sourceTree = "<group>"; };
		FDACDF59263A8BCA00689B51 /* ForgetPasswordPresenter.swift */ = {isa = PBXFileReference; lastKnownFileType = sourcecode.swift; path = ForgetPasswordPresenter.swift; sourceTree = "<group>"; };
		FDACDF5A263A8BCA00689B51 /* ForgetPasswordRouter.swift */ = {isa = PBXFileReference; lastKnownFileType = sourcecode.swift; path = ForgetPasswordRouter.swift; sourceTree = "<group>"; };
		FDACDF5B263A8BCA00689B51 /* ForgetPasswordViewController.swift */ = {isa = PBXFileReference; lastKnownFileType = sourcecode.swift; path = ForgetPasswordViewController.swift; sourceTree = "<group>"; };
		FDACDF5C263A8BCA00689B51 /* ForgetPasswordInteractor.swift */ = {isa = PBXFileReference; lastKnownFileType = sourcecode.swift; path = ForgetPasswordInteractor.swift; sourceTree = "<group>"; };
		FDACDF5D263A8BCA00689B51 /* ForgetPasswordSceneBuilder.swift */ = {isa = PBXFileReference; lastKnownFileType = sourcecode.swift; path = ForgetPasswordSceneBuilder.swift; sourceTree = "<group>"; };
		FDACDF6C263AA00200689B51 /* CollectionViewProvider.swift */ = {isa = PBXFileReference; lastKnownFileType = sourcecode.swift; path = CollectionViewProvider.swift; sourceTree = "<group>"; };
		FDACDF70263AA01700689B51 /* TableViewProvider.swift */ = {isa = PBXFileReference; lastKnownFileType = sourcecode.swift; path = TableViewProvider.swift; sourceTree = "<group>"; };
		FDACDF75263AA0EA00689B51 /* DefaultNavigationController.swift */ = {isa = PBXFileReference; lastKnownFileType = sourcecode.swift; path = DefaultNavigationController.swift; sourceTree = "<group>"; };
		FDCBAD23264A4B8B005B9608 /* CellType.swift */ = {isa = PBXFileReference; lastKnownFileType = sourcecode.swift; path = CellType.swift; sourceTree = "<group>"; };
		FDCBAD27264A4DFF005B9608 /* UITableViewExtension.swift */ = {isa = PBXFileReference; lastKnownFileType = sourcecode.swift; path = UITableViewExtension.swift; sourceTree = "<group>"; };
		FDCBAD2A264A587D005B9608 /* ButtonCell.swift */ = {isa = PBXFileReference; lastKnownFileType = sourcecode.swift; path = ButtonCell.swift; sourceTree = "<group>"; };
		FDCBAD2F264A58F6005B9608 /* LabelCell.swift */ = {isa = PBXFileReference; lastKnownFileType = sourcecode.swift; path = LabelCell.swift; sourceTree = "<group>"; };
		FDE2CEC526426BCA00FE1EA7 /* UIView+Corners.swift */ = {isa = PBXFileReference; lastKnownFileType = sourcecode.swift; path = "UIView+Corners.swift"; sourceTree = "<group>"; };
		FDEA5C7B265245DD00BB08A1 /* TextFieldCell.swift */ = {isa = PBXFileReference; lastKnownFileType = sourcecode.swift; path = TextFieldCell.swift; sourceTree = "<group>"; };
		FDEAD92825C8269B0075F122 /* Cafeistic.app */ = {isa = PBXFileReference; explicitFileType = wrapper.application; includeInIndex = 0; path = Cafeistic.app; sourceTree = BUILT_PRODUCTS_DIR; };
		FDEAD92B25C8269B0075F122 /* AppDelegate.swift */ = {isa = PBXFileReference; lastKnownFileType = sourcecode.swift; path = AppDelegate.swift; sourceTree = "<group>"; };
		FDEAD92D25C8269B0075F122 /* SceneDelegate.swift */ = {isa = PBXFileReference; lastKnownFileType = sourcecode.swift; path = SceneDelegate.swift; sourceTree = "<group>"; };
		FDEAD93425C8269E0075F122 /* Assets.xcassets */ = {isa = PBXFileReference; lastKnownFileType = folder.assetcatalog; path = Assets.xcassets; sourceTree = "<group>"; };
		FDEAD93725C8269E0075F122 /* Base */ = {isa = PBXFileReference; lastKnownFileType = file.storyboard; name = Base; path = Base.lproj/LaunchScreen.storyboard; sourceTree = "<group>"; };
		FDEAD93925C8269E0075F122 /* Info.plist */ = {isa = PBXFileReference; lastKnownFileType = text.plist.xml; path = Info.plist; sourceTree = "<group>"; };
		FDF281B12632CED300B1829A /* StartPresenter.swift */ = {isa = PBXFileReference; lastKnownFileType = sourcecode.swift; path = StartPresenter.swift; sourceTree = "<group>"; };
		FDF281B22632CED300B1829A /* StartRouter.swift */ = {isa = PBXFileReference; lastKnownFileType = sourcecode.swift; path = StartRouter.swift; sourceTree = "<group>"; };
		FDF281B32632CED300B1829A /* StartViewController.swift */ = {isa = PBXFileReference; lastKnownFileType = sourcecode.swift; path = StartViewController.swift; sourceTree = "<group>"; };
		FDF281B42632CED300B1829A /* StartContract.swift */ = {isa = PBXFileReference; lastKnownFileType = sourcecode.swift; path = StartContract.swift; sourceTree = "<group>"; };
		FDF281B52632CED300B1829A /* StartInteractor.swift */ = {isa = PBXFileReference; lastKnownFileType = sourcecode.swift; path = StartInteractor.swift; sourceTree = "<group>"; };
		FDF281C02632CFEE00B1829A /* DefaultViewController.swift */ = {isa = PBXFileReference; lastKnownFileType = sourcecode.swift; path = DefaultViewController.swift; sourceTree = "<group>"; };
		FDF281EC2632D32200B1829A /* PrintUtil.swift */ = {isa = PBXFileReference; lastKnownFileType = sourcecode.swift; path = PrintUtil.swift; sourceTree = "<group>"; };
		FDF281F32632D3AA00B1829A /* UIColor+Hex.swift */ = {isa = PBXFileReference; lastKnownFileType = sourcecode.swift; path = "UIColor+Hex.swift"; sourceTree = "<group>"; };
		FDF281F92632D43800B1829A /* UITableViewCell+UI.swift */ = {isa = PBXFileReference; lastKnownFileType = sourcecode.swift; path = "UITableViewCell+UI.swift"; sourceTree = "<group>"; };
		FDF281FF2632D79D00B1829A /* StartSceneBuilder.swift */ = {isa = PBXFileReference; lastKnownFileType = sourcecode.swift; path = StartSceneBuilder.swift; sourceTree = "<group>"; };
/* End PBXFileReference section */

/* Begin PBXFrameworksBuildPhase section */
		FDEAD92525C8269B0075F122 /* Frameworks */ = {
			isa = PBXFrameworksBuildPhase;
			buildActionMask = 2147483647;
			files = (
				CD7B85AC59ABB498983A2B54 /* Pods_Cafeistic.framework in Frameworks */,
			);
			runOnlyForDeploymentPostprocessing = 0;
		};
/* End PBXFrameworksBuildPhase section */

/* Begin PBXGroup section */
		6465A32FA8A8C6BFD61FB9AA /* Pods */ = {
			isa = PBXGroup;
			children = (
				5D79D316F8E6F0061A9F53EE /* Pods-Cafeistic.debug.xcconfig */,
				AFE2A4F6D2445A8B438413CF /* Pods-Cafeistic.release.xcconfig */,
			);
			path = Pods;
			sourceTree = "<group>";
		};
		D0AF952A11BD5C18158D9B79 /* Frameworks */ = {
			isa = PBXGroup;
			children = (
				B7374E4838BCB145E057F8DF /* Pods_Cafeistic.framework */,
			);
			name = Frameworks;
			sourceTree = "<group>";
		};
		FD4593592636AD9100669AB4 /* CustomViews */ = {
			isa = PBXGroup;
			children = (
				FDCBAD21264A4A0A005B9608 /* TableViewCells */,
				FD6B88C0263C0DCC0026D3E0 /* MainSwitchView */,
				FDACDF1626391EC000689B51 /* DefaultAlertView */,
				FD45939E2637F3D300669AB4 /* ActivityView */,
				FD45938E2637F1B000669AB4 /* MainButton */,
				FD4593782636C09600669AB4 /* MainTextField */,
			);
			path = CustomViews;
			sourceTree = "<group>";
		};
		FD45935A2636BAB400669AB4 /* Common */ = {
			isa = PBXGroup;
			children = (
				FD45935C2636BB1200669AB4 /* WebApiService.swift */,
			);
			path = Common;
			sourceTree = "<group>";
		};
		FD45935B2636BAD200669AB4 /* Providers */ = {
			isa = PBXGroup;
			children = (
				FD4593612636BB8800669AB4 /* BaseProvider.swift */,
			);
			path = Providers;
			sourceTree = "<group>";
		};
		FD4593652636BD6400669AB4 /* Auth */ = {
			isa = PBXGroup;
			children = (
				FD6B889F263C03CD0026D3E0 /* EstablishmentSignUp */,
				FD6B888D263BCBAD0026D3E0 /* ClientSignUp */,
				FDACDF57263A8BAC00689B51 /* ForgetPassword */,
				FD4593662636BD6E00669AB4 /* Login */,
			);
			path = Auth;
			sourceTree = "<group>";
		};
		FD4593662636BD6E00669AB4 /* Login */ = {
			isa = PBXGroup;
			children = (
				FD4593672636BD8000669AB4 /* LoginContract.swift */,
				FD4593682636BD8000669AB4 /* LoginPresenter.swift */,
				FD4593692636BD8000669AB4 /* LoginRouter.swift */,
				FD45936A2636BD8000669AB4 /* LoginViewController.swift */,
				FD45936B2636BD8000669AB4 /* LoginInteractor.swift */,
				FD45936C2636BD8000669AB4 /* LoginSceneBuilder.swift */,
			);
			path = Login;
			sourceTree = "<group>";
		};
		FD4593782636C09600669AB4 /* MainTextField */ = {
			isa = PBXGroup;
			children = (
				FD4593792636C0BC00669AB4 /* MainTextFieldStyle.swift */,
				FD45937D2636C0DB00669AB4 /* MainTextField.swift */,
			);
			path = MainTextField;
			sourceTree = "<group>";
		};
		FD4593892636E17900669AB4 /* UIView */ = {
			isa = PBXGroup;
			children = (
				FD45938A2636E19F00669AB4 /* UIView+AddSubviews.swift */,
				FD9BB1BD2641098300835B98 /* UIView+Identifier.swift */,
				FDE2CEC526426BCA00FE1EA7 /* UIView+Corners.swift */,
			);
			path = UIView;
			sourceTree = "<group>";
		};
		FD45938E2637F1B000669AB4 /* MainButton */ = {
			isa = PBXGroup;
			children = (
				FD4593922637F1F300669AB4 /* MainButtonStyle.swift */,
				FD45938F2637F1BD00669AB4 /* MainButton.swift */,
			);
			path = MainButton;
			sourceTree = "<group>";
		};
		FD4593952637F29800669AB4 /* Controllers */ = {
			isa = PBXGroup;
			children = (
				FD4593742636BDEE00669AB4 /* SetupBaseViewController.swift */,
			);
			path = Controllers;
			sourceTree = "<group>";
		};
		FD4593962637F2A700669AB4 /* View */ = {
			isa = PBXGroup;
			children = (
				FD4593972637F2BA00669AB4 /* IndicatableView.swift */,
				FD45939B2637F2D000669AB4 /* IndicatableView+UIButton.swift */,
			);
			path = View;
			sourceTree = "<group>";
		};
		FD45939E2637F3D300669AB4 /* ActivityView */ = {
			isa = PBXGroup;
			children = (
				FD45939F2637F3EF00669AB4 /* SpinnerView.swift */,
				FD4593A32637F9EA00669AB4 /* SpinnerIndicator.swift */,
			);
			path = ActivityView;
			sourceTree = "<group>";
		};
		FD4B1BB8262FE861005E9BF9 /* App */ = {
			isa = PBXGroup;
			children = (
				FDEAD92B25C8269B0075F122 /* AppDelegate.swift */,
				FDEAD92D25C8269B0075F122 /* SceneDelegate.swift */,
				FD4B1BD3262FFE5E005E9BF9 /* AppSetup.swift */,
			);
			path = App;
			sourceTree = "<group>";
		};
		FD4B1BBA262FE876005E9BF9 /* Common */ = {
			isa = PBXGroup;
			children = (
				FDF281CA2632D0FF00B1829A /* Constants */,
				FDF281C92632D0E600B1829A /* Protocols */,
				FDF281BE2632CFBF00B1829A /* Default */,
			);
			path = Common;
			sourceTree = "<group>";
		};
		FD4B1BBB262FE88B005E9BF9 /* SupportingFiles */ = {
			isa = PBXGroup;
			children = (
				FDEAD93925C8269E0075F122 /* Info.plist */,
			);
			path = SupportingFiles;
			sourceTree = "<group>";
		};
		FD4B1BBC262FFA3B005E9BF9 /* Scenes */ = {
			isa = PBXGroup;
			children = (
				FD6B889E263C00E90026D3E0 /* Menu */,
				FD6B889D263C00D30026D3E0 /* Profile */,
				FD6B889C263C00B10026D3E0 /* Establishment */,
				FD6B889B263C00A80026D3E0 /* Client */,
				FD4593652636BD6400669AB4 /* Auth */,
				FDF281B02632CEBF00B1829A /* Start */,
			);
			path = Scenes;
			sourceTree = "<group>";
		};
		FD6B888D263BCBAD0026D3E0 /* ClientSignUp */ = {
			isa = PBXGroup;
			children = (
				FD6B888E263BCBCB0026D3E0 /* ClientSignUpContract.swift */,
				FD6B888F263BCBCB0026D3E0 /* ClientSignUpPresenter.swift */,
				FD6B8890263BCBCB0026D3E0 /* ClientSignUpRouter.swift */,
				FD6B8891263BCBCB0026D3E0 /* ClientSignUpViewController.swift */,
				FD6B8892263BCBCB0026D3E0 /* ClientSignUpInteractor.swift */,
				FD6B8893263BCBCB0026D3E0 /* ClientSignUpSceneBuilder.swift */,
			);
			path = ClientSignUp;
			sourceTree = "<group>";
		};
		FD6B889B263C00A80026D3E0 /* Client */ = {
			isa = PBXGroup;
			children = (
			);
			path = Client;
			sourceTree = "<group>";
		};
		FD6B889C263C00B10026D3E0 /* Establishment */ = {
			isa = PBXGroup;
			children = (
			);
			path = Establishment;
			sourceTree = "<group>";
		};
		FD6B889D263C00D30026D3E0 /* Profile */ = {
			isa = PBXGroup;
			children = (
			);
			path = Profile;
			sourceTree = "<group>";
		};
		FD6B889E263C00E90026D3E0 /* Menu */ = {
			isa = PBXGroup;
			children = (
				FD9BB1C026410BFE00835B98 /* Cells */,
				FD9BB1A62641029300835B98 /* MenuType.swift */,
				FD9BB1A92641034D00835B98 /* MenuContract.swift */,
				FD9BB1AA2641034D00835B98 /* MenuPresenter.swift */,
				FD9BB1AB2641034D00835B98 /* MenuRouter.swift */,
				FD9BB1AC2641034D00835B98 /* MenuViewController.swift */,
				FD9BB1AD2641034D00835B98 /* MenuInteractor.swift */,
				FD9BB1AE2641034D00835B98 /* MenuSceneBuilder.swift */,
			);
			path = Menu;
			sourceTree = "<group>";
		};
		FD6B889F263C03CD0026D3E0 /* EstablishmentSignUp */ = {
			isa = PBXGroup;
			children = (
				FD6B88BB263C06440026D3E0 /* Types */,
				FD6B88A0263C03EB0026D3E0 /* EstablishmentSignUpContract.swift */,
				FD6B88A1263C03EB0026D3E0 /* EstablishmentSignUpPresenter.swift */,
				FD6B88A2263C03EB0026D3E0 /* EstablishmentSignUpRouter.swift */,
				FD6B88A3263C03EB0026D3E0 /* EstablishmentSignUpViewController.swift */,
				FD6B88A4263C03EB0026D3E0 /* EstablishmentSignUpInteractor.swift */,
				FD6B88A5263C03EB0026D3E0 /* EstablishmentSignUpSceneBuilder.swift */,
			);
			path = EstablishmentSignUp;
			sourceTree = "<group>";
		};
		FD6B88BB263C06440026D3E0 /* Types */ = {
			isa = PBXGroup;
			children = (
				FD6B88BC263C06620026D3E0 /* SignUpType.swift */,
			);
			path = Types;
			sourceTree = "<group>";
		};
		FD6B88C0263C0DCC0026D3E0 /* MainSwitchView */ = {
			isa = PBXGroup;
			children = (
				FD6117982643AE7E00794EB5 /* MainSwitchView.swift */,
			);
			path = MainSwitchView;
			sourceTree = "<group>";
		};
		FD9BB1B62641073000835B98 /* UICollectionView */ = {
			isa = PBXGroup;
			children = (
				FD9BB1B72641083000835B98 /* UICollectionViewExtension.swift */,
			);
			path = UICollectionView;
			sourceTree = "<group>";
		};
		FD9BB1C026410BFE00835B98 /* Cells */ = {
			isa = PBXGroup;
			children = (
				FD9BB1C126410C3500835B98 /* CategoryMenuCell.swift */,
				FD9BB1C526410C4800835B98 /* CategoryMenuCellModel.swift */,
				FD9BB1C826410C5D00835B98 /* MealMenuCell.swift */,
				FD9BB1CB26410C6F00835B98 /* MealMenuCellModel.swift */,
			);
			path = Cells;
			sourceTree = "<group>";
		};
		FDACDF1626391EC000689B51 /* DefaultAlertView */ = {
			isa = PBXGroup;
			children = (
				FDACDF1726391F6300689B51 /* DefaultAlertViewController.swift */,
				FDACDF1C26391F7C00689B51 /* TwoButtonAlertView.swift */,
			);
			path = DefaultAlertView;
			sourceTree = "<group>";
		};
		FDACDF20263930B400689B51 /* UIViewController */ = {
			isa = PBXGroup;
			children = (
				FDACDF21263930CA00689B51 /* UIViewController+Alert.swift */,
			);
			path = UIViewController;
			sourceTree = "<group>";
		};
		FDACDF57263A8BAC00689B51 /* ForgetPassword */ = {
			isa = PBXGroup;
			children = (
				FDACDF58263A8BCA00689B51 /* ForgetPasswordContract.swift */,
				FDACDF59263A8BCA00689B51 /* ForgetPasswordPresenter.swift */,
				FDACDF5A263A8BCA00689B51 /* ForgetPasswordRouter.swift */,
				FDACDF5B263A8BCA00689B51 /* ForgetPasswordViewController.swift */,
				FDACDF5C263A8BCA00689B51 /* ForgetPasswordInteractor.swift */,
				FDACDF5D263A8BCA00689B51 /* ForgetPasswordSceneBuilder.swift */,
			);
			path = ForgetPassword;
			sourceTree = "<group>";
		};
		FDACDF6A263A9FD600689B51 /* TableView */ = {
			isa = PBXGroup;
			children = (
				FDACDF70263AA01700689B51 /* TableViewProvider.swift */,
			);
			path = TableView;
			sourceTree = "<group>";
		};
		FDACDF6B263A9FDE00689B51 /* CollectionView */ = {
			isa = PBXGroup;
			children = (
				FDACDF6C263AA00200689B51 /* CollectionViewProvider.swift */,
			);
			path = CollectionView;
			sourceTree = "<group>";
		};
		FDCBAD21264A4A0A005B9608 /* TableViewCells */ = {
			isa = PBXGroup;
			children = (
				FDCBAD23264A4B8B005B9608 /* CellType.swift */,
				FDCBAD2A264A587D005B9608 /* ButtonCell.swift */,
				FDCBAD2F264A58F6005B9608 /* LabelCell.swift */,
				FDEA5C7B265245DD00BB08A1 /* TextFieldCell.swift */,
			);
			path = TableViewCells;
			sourceTree = "<group>";
		};
		FDEAD91F25C8269A0075F122 = {
			isa = PBXGroup;
			children = (
				FDEAD92A25C8269B0075F122 /* Cafeistic */,
				FDEAD92925C8269B0075F122 /* Products */,
				6465A32FA8A8C6BFD61FB9AA /* Pods */,
				D0AF952A11BD5C18158D9B79 /* Frameworks */,
			);
			sourceTree = "<group>";
		};
		FDEAD92925C8269B0075F122 /* Products */ = {
			isa = PBXGroup;
			children = (
				FDEAD92825C8269B0075F122 /* Cafeistic.app */,
			);
			name = Products;
			sourceTree = "<group>";
		};
		FDEAD92A25C8269B0075F122 /* Cafeistic */ = {
			isa = PBXGroup;
			children = (
				FD4B1BB8262FE861005E9BF9 /* App */,
				FD4B1BBC262FFA3B005E9BF9 /* Scenes */,
				FDF281E72632D24800B1829A /* Services */,
				FDF281FD2632D57000B1829A /* Entities */,
				FD4593592636AD9100669AB4 /* CustomViews */,
				FD4B1BBA262FE876005E9BF9 /* Common */,
				FDF281F22632D38D00B1829A /* Extensions */,
				FDF281F02632D34400B1829A /* Resources */,
				FDF281EB2632D2FE00B1829A /* Utilities */,
				FD4B1BBB262FE88B005E9BF9 /* SupportingFiles */,
			);
			path = Cafeistic;
			sourceTree = "<group>";
		};
		FDF281B02632CEBF00B1829A /* Start */ = {
			isa = PBXGroup;
			children = (
				FDF281B12632CED300B1829A /* StartPresenter.swift */,
				FDF281B22632CED300B1829A /* StartRouter.swift */,
				FDF281B32632CED300B1829A /* StartViewController.swift */,
				FDF281B42632CED300B1829A /* StartContract.swift */,
				FDF281B52632CED300B1829A /* StartInteractor.swift */,
				FDF281FF2632D79D00B1829A /* StartSceneBuilder.swift */,
			);
			path = Start;
			sourceTree = "<group>";
		};
		FDF281BE2632CFBF00B1829A /* Default */ = {
			isa = PBXGroup;
			children = (
				FDF281BF2632CFD600B1829A /* Controllers */,
			);
			path = Default;
			sourceTree = "<group>";
		};
		FDF281BF2632CFD600B1829A /* Controllers */ = {
			isa = PBXGroup;
			children = (
				FDF281C02632CFEE00B1829A /* DefaultViewController.swift */,
				FDACDF75263AA0EA00689B51 /* DefaultNavigationController.swift */,
			);
			path = Controllers;
			sourceTree = "<group>";
		};
		FDF281C92632D0E600B1829A /* Protocols */ = {
			isa = PBXGroup;
			children = (
				FDACDF6B263A9FDE00689B51 /* CollectionView */,
				FDACDF6A263A9FD600689B51 /* TableView */,
				FD4593962637F2A700669AB4 /* View */,
				FD4593952637F29800669AB4 /* Controllers */,
			);
			path = Protocols;
			sourceTree = "<group>";
		};
		FDF281CA2632D0FF00B1829A /* Constants */ = {
			isa = PBXGroup;
			children = (
				FD4593802636CA3100669AB4 /* Assets.swift */,
				FD4593862636D77B00669AB4 /* StringConstant.swift */,
			);
			path = Constants;
			sourceTree = "<group>";
		};
		FDF281E72632D24800B1829A /* Services */ = {
			isa = PBXGroup;
			children = (
				FDF281EA2632D28700B1829A /* SessionTracker */,
				FDF281E92632D26800B1829A /* Storage */,
				FDF281E82632D25600B1829A /* Network */,
			);
			path = Services;
			sourceTree = "<group>";
		};
		FDF281E82632D25600B1829A /* Network */ = {
			isa = PBXGroup;
			children = (
				FD45935B2636BAD200669AB4 /* Providers */,
				FD45935A2636BAB400669AB4 /* Common */,
			);
			path = Network;
			sourceTree = "<group>";
		};
		FDF281E92632D26800B1829A /* Storage */ = {
			isa = PBXGroup;
			children = (
			);
			path = Storage;
			sourceTree = "<group>";
		};
		FDF281EA2632D28700B1829A /* SessionTracker */ = {
			isa = PBXGroup;
			children = (
			);
			path = SessionTracker;
			sourceTree = "<group>";
		};
		FDF281EB2632D2FE00B1829A /* Utilities */ = {
			isa = PBXGroup;
			children = (
				FDF281EC2632D32200B1829A /* PrintUtil.swift */,
			);
			path = Utilities;
			sourceTree = "<group>";
		};
		FDF281F02632D34400B1829A /* Resources */ = {
			isa = PBXGroup;
			children = (
				FDEAD93625C8269E0075F122 /* LaunchScreen.storyboard */,
				FDEAD93425C8269E0075F122 /* Assets.xcassets */,
				FDF281F12632D35300B1829A /* Localization */,
			);
			path = Resources;
			sourceTree = "<group>";
		};
		FDF281F12632D35300B1829A /* Localization */ = {
			isa = PBXGroup;
			children = (
			);
			path = Localization;
			sourceTree = "<group>";
		};
		FDF281F22632D38D00B1829A /* Extensions */ = {
			isa = PBXGroup;
			children = (
				FD9BB1B62641073000835B98 /* UICollectionView */,
				FDACDF20263930B400689B51 /* UIViewController */,
				FD4593892636E17900669AB4 /* UIView */,
				FDF281F82632D42200B1829A /* UITableView */,
				FDF281F72632D41A00B1829A /* UIColor */,
			);
			path = Extensions;
			sourceTree = "<group>";
		};
		FDF281F72632D41A00B1829A /* UIColor */ = {
			isa = PBXGroup;
			children = (
				FDF281F32632D3AA00B1829A /* UIColor+Hex.swift */,
				FD4593832636D5D200669AB4 /* ColorPalette.swift */,
			);
			path = UIColor;
			sourceTree = "<group>";
		};
		FDF281F82632D42200B1829A /* UITableView */ = {
			isa = PBXGroup;
			children = (
				FDF281F92632D43800B1829A /* UITableViewCell+UI.swift */,
				FDCBAD27264A4DFF005B9608 /* UITableViewExtension.swift */,
			);
			path = UITableView;
			sourceTree = "<group>";
		};
		FDF281FD2632D57000B1829A /* Entities */ = {
			isa = PBXGroup;
			children = (
			);
			path = Entities;
			sourceTree = "<group>";
		};
/* End PBXGroup section */

/* Begin PBXNativeTarget section */
		FDEAD92725C8269B0075F122 /* Cafeistic */ = {
			isa = PBXNativeTarget;
			buildConfigurationList = FDEAD93C25C8269E0075F122 /* Build configuration list for PBXNativeTarget "Cafeistic" */;
			buildPhases = (
				154D041738C9D9124B74CD5C /* [CP] Check Pods Manifest.lock */,
				FDEAD92425C8269B0075F122 /* Sources */,
				FDEAD92525C8269B0075F122 /* Frameworks */,
				FDEAD92625C8269B0075F122 /* Resources */,
				257F58EA684E7A0EB2618AB1 /* [CP] Embed Pods Frameworks */,
			);
			buildRules = (
			);
			dependencies = (
			);
			name = Cafeistic;
			productName = Cafeistic;
			productReference = FDEAD92825C8269B0075F122 /* Cafeistic.app */;
			productType = "com.apple.product-type.application";
		};
/* End PBXNativeTarget section */

/* Begin PBXProject section */
		FDEAD92025C8269B0075F122 /* Project object */ = {
			isa = PBXProject;
			attributes = {
				LastSwiftUpdateCheck = 1230;
				LastUpgradeCheck = 1230;
				TargetAttributes = {
					FDEAD92725C8269B0075F122 = {
						CreatedOnToolsVersion = 12.3;
					};
				};
			};
			buildConfigurationList = FDEAD92325C8269B0075F122 /* Build configuration list for PBXProject "Cafeistic" */;
			compatibilityVersion = "Xcode 9.3";
			developmentRegion = en;
			hasScannedForEncodings = 0;
			knownRegions = (
				en,
				Base,
			);
			mainGroup = FDEAD91F25C8269A0075F122;
			productRefGroup = FDEAD92925C8269B0075F122 /* Products */;
			projectDirPath = "";
			projectRoot = "";
			targets = (
				FDEAD92725C8269B0075F122 /* Cafeistic */,
			);
		};
/* End PBXProject section */

/* Begin PBXResourcesBuildPhase section */
		FDEAD92625C8269B0075F122 /* Resources */ = {
			isa = PBXResourcesBuildPhase;
			buildActionMask = 2147483647;
			files = (
				FDEAD93825C8269E0075F122 /* LaunchScreen.storyboard in Resources */,
				FDEAD93525C8269E0075F122 /* Assets.xcassets in Resources */,
			);
			runOnlyForDeploymentPostprocessing = 0;
		};
/* End PBXResourcesBuildPhase section */

/* Begin PBXShellScriptBuildPhase section */
		154D041738C9D9124B74CD5C /* [CP] Check Pods Manifest.lock */ = {
			isa = PBXShellScriptBuildPhase;
			buildActionMask = 2147483647;
			files = (
			);
			inputFileListPaths = (
			);
			inputPaths = (
				"${PODS_PODFILE_DIR_PATH}/Podfile.lock",
				"${PODS_ROOT}/Manifest.lock",
			);
			name = "[CP] Check Pods Manifest.lock";
			outputFileListPaths = (
			);
			outputPaths = (
				"$(DERIVED_FILE_DIR)/Pods-Cafeistic-checkManifestLockResult.txt",
			);
			runOnlyForDeploymentPostprocessing = 0;
			shellPath = /bin/sh;
			shellScript = "diff \"${PODS_PODFILE_DIR_PATH}/Podfile.lock\" \"${PODS_ROOT}/Manifest.lock\" > /dev/null\nif [ $? != 0 ] ; then\n    # print error to STDERR\n    echo \"error: The sandbox is not in sync with the Podfile.lock. Run 'pod install' or update your CocoaPods installation.\" >&2\n    exit 1\nfi\n# This output is used by Xcode 'outputs' to avoid re-running this script phase.\necho \"SUCCESS\" > \"${SCRIPT_OUTPUT_FILE_0}\"\n";
			showEnvVarsInLog = 0;
		};
		257F58EA684E7A0EB2618AB1 /* [CP] Embed Pods Frameworks */ = {
			isa = PBXShellScriptBuildPhase;
			buildActionMask = 2147483647;
			files = (
			);
			inputFileListPaths = (
				"${PODS_ROOT}/Target Support Files/Pods-Cafeistic/Pods-Cafeistic-frameworks-${CONFIGURATION}-input-files.xcfilelist",
			);
			name = "[CP] Embed Pods Frameworks";
			outputFileListPaths = (
				"${PODS_ROOT}/Target Support Files/Pods-Cafeistic/Pods-Cafeistic-frameworks-${CONFIGURATION}-output-files.xcfilelist",
			);
			runOnlyForDeploymentPostprocessing = 0;
			shellPath = /bin/sh;
			shellScript = "\"${PODS_ROOT}/Target Support Files/Pods-Cafeistic/Pods-Cafeistic-frameworks.sh\"\n";
			showEnvVarsInLog = 0;
		};
/* End PBXShellScriptBuildPhase section */

/* Begin PBXSourcesBuildPhase section */
		FDEAD92425C8269B0075F122 /* Sources */ = {
			isa = PBXSourcesBuildPhase;
			buildActionMask = 2147483647;
			files = (
				FDEA5C7C265245DD00BB08A1 /* TextFieldCell.swift in Sources */,
				FD9BB1AF2641034D00835B98 /* MenuContract.swift in Sources */,
				FD4593872636D77B00669AB4 /* StringConstant.swift in Sources */,
				FD9BB1BE2641098300835B98 /* UIView+Identifier.swift in Sources */,
				FD4593902637F1BD00669AB4 /* MainButton.swift in Sources */,
				FDF281B82632CED300B1829A /* StartRouter.swift in Sources */,
				FDACDF76263AA0EA00689B51 /* DefaultNavigationController.swift in Sources */,
				FDF281BB2632CED300B1829A /* StartInteractor.swift in Sources */,
				FDEAD92C25C8269B0075F122 /* AppDelegate.swift in Sources */,
				FDF281ED2632D32200B1829A /* PrintUtil.swift in Sources */,
				FD4593702636BD8000669AB4 /* LoginViewController.swift in Sources */,
				FDF281B72632CED300B1829A /* StartPresenter.swift in Sources */,
				FD45936D2636BD8000669AB4 /* LoginContract.swift in Sources */,
				FDACDF5F263A8BCA00689B51 /* ForgetPasswordPresenter.swift in Sources */,
				FDACDF5E263A8BCA00689B51 /* ForgetPasswordContract.swift in Sources */,
				FD6B88A8263C03EC0026D3E0 /* EstablishmentSignUpRouter.swift in Sources */,
				FD6B88AA263C03EC0026D3E0 /* EstablishmentSignUpInteractor.swift in Sources */,
				FD45939C2637F2D000669AB4 /* IndicatableView+UIButton.swift in Sources */,
				FD6117992643AE7E00794EB5 /* MainSwitchView.swift in Sources */,
				FD45938B2636E19F00669AB4 /* UIView+AddSubviews.swift in Sources */,
				FD9BB1CC26410C6F00835B98 /* MealMenuCellModel.swift in Sources */,
				FDF281F42632D3AA00B1829A /* UIColor+Hex.swift in Sources */,
				FD4593812636CA3100669AB4 /* Assets.swift in Sources */,
				FD4593842636D5D200669AB4 /* ColorPalette.swift in Sources */,
				FDACDF60263A8BCA00689B51 /* ForgetPasswordRouter.swift in Sources */,
				FD6B8897263BCBCB0026D3E0 /* ClientSignUpViewController.swift in Sources */,
				FD4593712636BD8000669AB4 /* LoginInteractor.swift in Sources */,
				FDEAD92E25C8269B0075F122 /* SceneDelegate.swift in Sources */,
				FDF281BA2632CED300B1829A /* StartContract.swift in Sources */,
				FDACDF1D26391F7C00689B51 /* TwoButtonAlertView.swift in Sources */,
				FDACDF63263A8BCA00689B51 /* ForgetPasswordSceneBuilder.swift in Sources */,
				FD9BB1B32641034D00835B98 /* MenuInteractor.swift in Sources */,
				FD6B8896263BCBCB0026D3E0 /* ClientSignUpRouter.swift in Sources */,
				FD6B88A9263C03EC0026D3E0 /* EstablishmentSignUpViewController.swift in Sources */,
				FD45936E2636BD8000669AB4 /* LoginPresenter.swift in Sources */,
				FD6B88BD263C06620026D3E0 /* SignUpType.swift in Sources */,
				FD45937E2636C0DB00669AB4 /* MainTextField.swift in Sources */,
				FDF281C12632CFEE00B1829A /* DefaultViewController.swift in Sources */,
				FDCBAD2B264A587D005B9608 /* ButtonCell.swift in Sources */,
				FDACDF22263930CA00689B51 /* UIViewController+Alert.swift in Sources */,
				FD9BB1C226410C3500835B98 /* CategoryMenuCell.swift in Sources */,
				FD4593752636BDEE00669AB4 /* SetupBaseViewController.swift in Sources */,
				FDACDF61263A8BCA00689B51 /* ForgetPasswordViewController.swift in Sources */,
				FD6B88AB263C03EC0026D3E0 /* EstablishmentSignUpSceneBuilder.swift in Sources */,
				FD6B8899263BCBCB0026D3E0 /* ClientSignUpSceneBuilder.swift in Sources */,
				FD9BB1C926410C5D00835B98 /* MealMenuCell.swift in Sources */,
				FD4593A42637F9EA00669AB4 /* SpinnerIndicator.swift in Sources */,
				FDCBAD28264A4DFF005B9608 /* UITableViewExtension.swift in Sources */,
				FDACDF6D263AA00200689B51 /* CollectionViewProvider.swift in Sources */,
				FD9BB1B82641083000835B98 /* UICollectionViewExtension.swift in Sources */,
				FD4593982637F2BA00669AB4 /* IndicatableView.swift in Sources */,
				FD9BB1B12641034D00835B98 /* MenuRouter.swift in Sources */,
				FD9BB1B22641034D00835B98 /* MenuViewController.swift in Sources */,
				FDACDF71263AA01700689B51 /* TableViewProvider.swift in Sources */,
				FD9BB1B42641034D00835B98 /* MenuSceneBuilder.swift in Sources */,
				FD6B8894263BCBCB0026D3E0 /* ClientSignUpContract.swift in Sources */,
				FD6B8898263BCBCB0026D3E0 /* ClientSignUpInteractor.swift in Sources */,
				FD4593932637F1F300669AB4 /* MainButtonStyle.swift in Sources */,
				FDCBAD30264A58F6005B9608 /* LabelCell.swift in Sources */,
				FD6B8895263BCBCB0026D3E0 /* ClientSignUpPresenter.swift in Sources */,
				FD45935D2636BB1200669AB4 /* WebApiService.swift in Sources */,
				FDF281FA2632D43800B1829A /* UITableViewCell+UI.swift in Sources */,
				FD4B1BD4262FFE5E005E9BF9 /* AppSetup.swift in Sources */,
				FD4593722636BD8000669AB4 /* LoginSceneBuilder.swift in Sources */,
				FD6B88A7263C03EC0026D3E0 /* EstablishmentSignUpPresenter.swift in Sources */,
				FD9BB1C626410C4800835B98 /* CategoryMenuCellModel.swift in Sources */,
				FD6B88A6263C03EC0026D3E0 /* EstablishmentSignUpContract.swift in Sources */,
				FDACDF62263A8BCA00689B51 /* ForgetPasswordInteractor.swift in Sources */,
				FD45936F2636BD8000669AB4 /* LoginRouter.swift in Sources */,
				FD9BB1A72641029300835B98 /* MenuType.swift in Sources */,
				FDF282002632D79D00B1829A /* StartSceneBuilder.swift in Sources */,
				FD45937A2636C0BC00669AB4 /* MainTextFieldStyle.swift in Sources */,
				FDF281B92632CED300B1829A /* StartViewController.swift in Sources */,
				FDE2CEC626426BCA00FE1EA7 /* UIView+Corners.swift in Sources */,
				FD4593A02637F3F000669AB4 /* SpinnerView.swift in Sources */,
				FDCBAD24264A4B8B005B9608 /* CellType.swift in Sources */,
				FDACDF1826391F6300689B51 /* DefaultAlertViewController.swift in Sources */,
				FD9BB1B02641034D00835B98 /* MenuPresenter.swift in Sources */,
				FD4593622636BB8800669AB4 /* BaseProvider.swift in Sources */,
			);
			runOnlyForDeploymentPostprocessing = 0;
		};
/* End PBXSourcesBuildPhase section */

/* Begin PBXVariantGroup section */
		FDEAD93625C8269E0075F122 /* LaunchScreen.storyboard */ = {
			isa = PBXVariantGroup;
			children = (
				FDEAD93725C8269E0075F122 /* Base */,
			);
			name = LaunchScreen.storyboard;
			sourceTree = "<group>";
		};
/* End PBXVariantGroup section */

/* Begin XCBuildConfiguration section */
		FDEAD93A25C8269E0075F122 /* Debug */ = {
			isa = XCBuildConfiguration;
			buildSettings = {
				ALWAYS_SEARCH_USER_PATHS = NO;
				CLANG_ANALYZER_NONNULL = YES;
				CLANG_ANALYZER_NUMBER_OBJECT_CONVERSION = YES_AGGRESSIVE;
				CLANG_CXX_LANGUAGE_STANDARD = "gnu++14";
				CLANG_CXX_LIBRARY = "libc++";
				CLANG_ENABLE_MODULES = YES;
				CLANG_ENABLE_OBJC_ARC = YES;
				CLANG_ENABLE_OBJC_WEAK = YES;
				CLANG_WARN_BLOCK_CAPTURE_AUTORELEASING = YES;
				CLANG_WARN_BOOL_CONVERSION = YES;
				CLANG_WARN_COMMA = YES;
				CLANG_WARN_CONSTANT_CONVERSION = YES;
				CLANG_WARN_DEPRECATED_OBJC_IMPLEMENTATIONS = YES;
				CLANG_WARN_DIRECT_OBJC_ISA_USAGE = YES_ERROR;
				CLANG_WARN_DOCUMENTATION_COMMENTS = YES;
				CLANG_WARN_EMPTY_BODY = YES;
				CLANG_WARN_ENUM_CONVERSION = YES;
				CLANG_WARN_INFINITE_RECURSION = YES;
				CLANG_WARN_INT_CONVERSION = YES;
				CLANG_WARN_NON_LITERAL_NULL_CONVERSION = YES;
				CLANG_WARN_OBJC_IMPLICIT_RETAIN_SELF = YES;
				CLANG_WARN_OBJC_LITERAL_CONVERSION = YES;
				CLANG_WARN_OBJC_ROOT_CLASS = YES_ERROR;
				CLANG_WARN_QUOTED_INCLUDE_IN_FRAMEWORK_HEADER = YES;
				CLANG_WARN_RANGE_LOOP_ANALYSIS = YES;
				CLANG_WARN_STRICT_PROTOTYPES = YES;
				CLANG_WARN_SUSPICIOUS_MOVE = YES;
				CLANG_WARN_UNGUARDED_AVAILABILITY = YES_AGGRESSIVE;
				CLANG_WARN_UNREACHABLE_CODE = YES;
				CLANG_WARN__DUPLICATE_METHOD_MATCH = YES;
				COPY_PHASE_STRIP = NO;
				DEBUG_INFORMATION_FORMAT = dwarf;
				ENABLE_STRICT_OBJC_MSGSEND = YES;
				ENABLE_TESTABILITY = YES;
				GCC_C_LANGUAGE_STANDARD = gnu11;
				GCC_DYNAMIC_NO_PIC = NO;
				GCC_NO_COMMON_BLOCKS = YES;
				GCC_OPTIMIZATION_LEVEL = 0;
				GCC_PREPROCESSOR_DEFINITIONS = (
					"DEBUG=1",
					"$(inherited)",
				);
				GCC_WARN_64_TO_32_BIT_CONVERSION = YES;
				GCC_WARN_ABOUT_RETURN_TYPE = YES_ERROR;
				GCC_WARN_UNDECLARED_SELECTOR = YES;
				GCC_WARN_UNINITIALIZED_AUTOS = YES_AGGRESSIVE;
				GCC_WARN_UNUSED_FUNCTION = YES;
				GCC_WARN_UNUSED_VARIABLE = YES;
				IPHONEOS_DEPLOYMENT_TARGET = 14.3;
				MTL_ENABLE_DEBUG_INFO = INCLUDE_SOURCE;
				MTL_FAST_MATH = YES;
				ONLY_ACTIVE_ARCH = YES;
				SDKROOT = iphoneos;
				SWIFT_ACTIVE_COMPILATION_CONDITIONS = DEBUG;
				SWIFT_OPTIMIZATION_LEVEL = "-Onone";
			};
			name = Debug;
		};
		FDEAD93B25C8269E0075F122 /* Release */ = {
			isa = XCBuildConfiguration;
			buildSettings = {
				ALWAYS_SEARCH_USER_PATHS = NO;
				CLANG_ANALYZER_NONNULL = YES;
				CLANG_ANALYZER_NUMBER_OBJECT_CONVERSION = YES_AGGRESSIVE;
				CLANG_CXX_LANGUAGE_STANDARD = "gnu++14";
				CLANG_CXX_LIBRARY = "libc++";
				CLANG_ENABLE_MODULES = YES;
				CLANG_ENABLE_OBJC_ARC = YES;
				CLANG_ENABLE_OBJC_WEAK = YES;
				CLANG_WARN_BLOCK_CAPTURE_AUTORELEASING = YES;
				CLANG_WARN_BOOL_CONVERSION = YES;
				CLANG_WARN_COMMA = YES;
				CLANG_WARN_CONSTANT_CONVERSION = YES;
				CLANG_WARN_DEPRECATED_OBJC_IMPLEMENTATIONS = YES;
				CLANG_WARN_DIRECT_OBJC_ISA_USAGE = YES_ERROR;
				CLANG_WARN_DOCUMENTATION_COMMENTS = YES;
				CLANG_WARN_EMPTY_BODY = YES;
				CLANG_WARN_ENUM_CONVERSION = YES;
				CLANG_WARN_INFINITE_RECURSION = YES;
				CLANG_WARN_INT_CONVERSION = YES;
				CLANG_WARN_NON_LITERAL_NULL_CONVERSION = YES;
				CLANG_WARN_OBJC_IMPLICIT_RETAIN_SELF = YES;
				CLANG_WARN_OBJC_LITERAL_CONVERSION = YES;
				CLANG_WARN_OBJC_ROOT_CLASS = YES_ERROR;
				CLANG_WARN_QUOTED_INCLUDE_IN_FRAMEWORK_HEADER = YES;
				CLANG_WARN_RANGE_LOOP_ANALYSIS = YES;
				CLANG_WARN_STRICT_PROTOTYPES = YES;
				CLANG_WARN_SUSPICIOUS_MOVE = YES;
				CLANG_WARN_UNGUARDED_AVAILABILITY = YES_AGGRESSIVE;
				CLANG_WARN_UNREACHABLE_CODE = YES;
				CLANG_WARN__DUPLICATE_METHOD_MATCH = YES;
				COPY_PHASE_STRIP = NO;
				DEBUG_INFORMATION_FORMAT = "dwarf-with-dsym";
				ENABLE_NS_ASSERTIONS = NO;
				ENABLE_STRICT_OBJC_MSGSEND = YES;
				GCC_C_LANGUAGE_STANDARD = gnu11;
				GCC_NO_COMMON_BLOCKS = YES;
				GCC_WARN_64_TO_32_BIT_CONVERSION = YES;
				GCC_WARN_ABOUT_RETURN_TYPE = YES_ERROR;
				GCC_WARN_UNDECLARED_SELECTOR = YES;
				GCC_WARN_UNINITIALIZED_AUTOS = YES_AGGRESSIVE;
				GCC_WARN_UNUSED_FUNCTION = YES;
				GCC_WARN_UNUSED_VARIABLE = YES;
				IPHONEOS_DEPLOYMENT_TARGET = 14.3;
				MTL_ENABLE_DEBUG_INFO = NO;
				MTL_FAST_MATH = YES;
				SDKROOT = iphoneos;
				SWIFT_COMPILATION_MODE = wholemodule;
				SWIFT_OPTIMIZATION_LEVEL = "-O";
				VALIDATE_PRODUCT = YES;
			};
			name = Release;
		};
		FDEAD93D25C8269E0075F122 /* Debug */ = {
			isa = XCBuildConfiguration;
			baseConfigurationReference = 5D79D316F8E6F0061A9F53EE /* Pods-Cafeistic.debug.xcconfig */;
			buildSettings = {
				ASSETCATALOG_COMPILER_APPICON_NAME = AppIcon;
				ASSETCATALOG_COMPILER_GLOBAL_ACCENT_COLOR_NAME = AccentColor;
				CODE_SIGN_STYLE = Automatic;
				DEVELOPMENT_TEAM = RH4ADBYDUN;
				INFOPLIST_FILE = Cafeistic/SupportingFiles/Info.plist;
				LD_RUNPATH_SEARCH_PATHS = (
					"$(inherited)",
					"@executable_path/Frameworks",
				);
				PRODUCT_BUNDLE_IDENTIFIER = ilyas.Cafeistic;
				PRODUCT_NAME = "$(TARGET_NAME)";
				SWIFT_VERSION = 5.0;
				TARGETED_DEVICE_FAMILY = "1,2";
			};
			name = Debug;
		};
		FDEAD93E25C8269E0075F122 /* Release */ = {
			isa = XCBuildConfiguration;
			baseConfigurationReference = AFE2A4F6D2445A8B438413CF /* Pods-Cafeistic.release.xcconfig */;
			buildSettings = {
				ASSETCATALOG_COMPILER_APPICON_NAME = AppIcon;
				ASSETCATALOG_COMPILER_GLOBAL_ACCENT_COLOR_NAME = AccentColor;
				CODE_SIGN_STYLE = Automatic;
				DEVELOPMENT_TEAM = RH4ADBYDUN;
				INFOPLIST_FILE = Cafeistic/SupportingFiles/Info.plist;
				LD_RUNPATH_SEARCH_PATHS = (
					"$(inherited)",
					"@executable_path/Frameworks",
				);
				PRODUCT_BUNDLE_IDENTIFIER = ilyas.Cafeistic;
				PRODUCT_NAME = "$(TARGET_NAME)";
				SWIFT_VERSION = 5.0;
				TARGETED_DEVICE_FAMILY = "1,2";
			};
			name = Release;
		};
/* End XCBuildConfiguration section */

/* Begin XCConfigurationList section */
		FDEAD92325C8269B0075F122 /* Build configuration list for PBXProject "Cafeistic" */ = {
			isa = XCConfigurationList;
			buildConfigurations = (
				FDEAD93A25C8269E0075F122 /* Debug */,
				FDEAD93B25C8269E0075F122 /* Release */,
			);
			defaultConfigurationIsVisible = 0;
			defaultConfigurationName = Release;
		};
		FDEAD93C25C8269E0075F122 /* Build configuration list for PBXNativeTarget "Cafeistic" */ = {
			isa = XCConfigurationList;
			buildConfigurations = (
				FDEAD93D25C8269E0075F122 /* Debug */,
				FDEAD93E25C8269E0075F122 /* Release */,
			);
			defaultConfigurationIsVisible = 0;
			defaultConfigurationName = Release;
		};
/* End XCConfigurationList section */
	};
	rootObject = FDEAD92025C8269B0075F122 /* Project object */;
}
